// !$*UTF8*$!
{
	archiveVersion = 1;
	classes = {
	};
	objectVersion = 46;
	objects = {

/* Begin PBXBuildFile section */
		1010B90F1A4339DC00A50BAC /* icon_reload.png in Resources */ = {isa = PBXBuildFile; fileRef = 1010B90D1A4339DC00A50BAC /* icon_reload.png */; };
		1010B9101A4339DC00A50BAC /* icon_reload@2x.png in Resources */ = {isa = PBXBuildFile; fileRef = 1010B90E1A4339DC00A50BAC /* icon_reload@2x.png */; };
		1029B0451A3D9AD400D8ECA6 /* mail.png in Resources */ = {isa = PBXBuildFile; fileRef = 1029B0411A3D9AD400D8ECA6 /* mail.png */; };
		1029B0461A3D9AD400D8ECA6 /* mail@2x.png in Resources */ = {isa = PBXBuildFile; fileRef = 1029B0421A3D9AD400D8ECA6 /* mail@2x.png */; };
		1029B0471A3D9AD400D8ECA6 /* message.png in Resources */ = {isa = PBXBuildFile; fileRef = 1029B0431A3D9AD400D8ECA6 /* message.png */; };
		1029B0481A3D9AD400D8ECA6 /* message@2x.png in Resources */ = {isa = PBXBuildFile; fileRef = 1029B0441A3D9AD400D8ECA6 /* message@2x.png */; };
		102D6E891A448E4300DF6266 /* icon.png in Resources */ = {isa = PBXBuildFile; fileRef = 102D6E871A448E4300DF6266 /* icon.png */; };
		102D6E8A1A448E4300DF6266 /* icon@2x.png in Resources */ = {isa = PBXBuildFile; fileRef = 102D6E881A448E4300DF6266 /* icon@2x.png */; };
		1046A4321A24C1D6005B3E29 /* StickerList.plist in Resources */ = {isa = PBXBuildFile; fileRef = 1046A4311A24C1D6005B3E29 /* StickerList.plist */; };
		106484B31A344BD200CA21D3 /* MenuTableViewCell.m in Sources */ = {isa = PBXBuildFile; fileRef = 106484B01A344BD200CA21D3 /* MenuTableViewCell.m */; };
		106484B41A344BD200CA21D3 /* StickerCollectionViewCell.m in Sources */ = {isa = PBXBuildFile; fileRef = 106484B21A344BD200CA21D3 /* StickerCollectionViewCell.m */; };
		106484BB1A344BF400CA21D3 /* MenuViewController.m in Sources */ = {isa = PBXBuildFile; fileRef = 106484B61A344BF400CA21D3 /* MenuViewController.m */; };
		106484BC1A344BF400CA21D3 /* StickerCollectionViewController.m in Sources */ = {isa = PBXBuildFile; fileRef = 106484B81A344BF400CA21D3 /* StickerCollectionViewController.m */; };
		106484BD1A344BF400CA21D3 /* ViewController.m in Sources */ = {isa = PBXBuildFile; fileRef = 106484BA1A344BF400CA21D3 /* ViewController.m */; };
		106484C01A34581600CA21D3 /* Bangers.ttf in Resources */ = {isa = PBXBuildFile; fileRef = 106484BF1A34581600CA21D3 /* Bangers.ttf */; };
		1083EC1A1A24864600534CBB /* BPDynamicTransition.m in Sources */ = {isa = PBXBuildFile; fileRef = 1083EC171A24864600534CBB /* BPDynamicTransition.m */; };
		1083EC1B1A24864600534CBB /* BPTransition.m in Sources */ = {isa = PBXBuildFile; fileRef = 1083EC191A24864600534CBB /* BPTransition.m */; };
		1083EC1F1A24877400534CBB /* Helper.m in Sources */ = {isa = PBXBuildFile; fileRef = 1083EC1E1A24877400534CBB /* Helper.m */; };
		10A060111A3493AD006DC430 /* Portrait~ipad.png in Resources */ = {isa = PBXBuildFile; fileRef = 10A0600D1A3493AD006DC430 /* Portrait~ipad.png */; };
		10A060121A3493AD006DC430 /* Portrait@2x~ipad.png in Resources */ = {isa = PBXBuildFile; fileRef = 10A0600E1A3493AD006DC430 /* Portrait@2x~ipad.png */; };
		10A060131A3493AD006DC430 /* Portrait-568h@2x~iphone.png in Resources */ = {isa = PBXBuildFile; fileRef = 10A0600F1A3493AD006DC430 /* Portrait-568h@2x~iphone.png */; };
		10A060141A3493AD006DC430 /* Portrait@2x~iphone.png in Resources */ = {isa = PBXBuildFile; fileRef = 10A060101A3493AD006DC430 /* Portrait@2x~iphone.png */; };
		10A060161A34996D006DC430 /* menu_icon@2x.png in Resources */ = {isa = PBXBuildFile; fileRef = 10A060151A34996D006DC430 /* menu_icon@2x.png */; };
		10A0B6E21A3E91C800E0E60E /* camera.png in Resources */ = {isa = PBXBuildFile; fileRef = 10A0B6E01A3E91C800E0E60E /* camera.png */; };
		10A0B6E31A3E91C800E0E60E /* camera@2x.png in Resources */ = {isa = PBXBuildFile; fileRef = 10A0B6E11A3E91C800E0E60E /* camera@2x.png */; };
		10A0B6E61A3E931A00E0E60E /* menu.png in Resources */ = {isa = PBXBuildFile; fileRef = 10A0B6E41A3E931A00E0E60E /* menu.png */; };
		10A0B6E71A3E931A00E0E60E /* menu@2x.png in Resources */ = {isa = PBXBuildFile; fileRef = 10A0B6E51A3E931A00E0E60E /* menu@2x.png */; };
		10A0B6EA1A3E9C1700E0E60E /* move.png in Resources */ = {isa = PBXBuildFile; fileRef = 10A0B6E81A3E9C1700E0E60E /* move.png */; };
		10A0B6EB1A3E9C1700E0E60E /* move@2x.png in Resources */ = {isa = PBXBuildFile; fileRef = 10A0B6E91A3E9C1700E0E60E /* move@2x.png */; };
		10A0B6F01A3E9EAC00E0E60E /* flip.png in Resources */ = {isa = PBXBuildFile; fileRef = 10A0B6EC1A3E9EAC00E0E60E /* flip.png */; };
		10A0B6F11A3E9EAC00E0E60E /* flip@2x.png in Resources */ = {isa = PBXBuildFile; fileRef = 10A0B6ED1A3E9EAC00E0E60E /* flip@2x.png */; };
		10A0B6F21A3E9EAC00E0E60E /* close.png in Resources */ = {isa = PBXBuildFile; fileRef = 10A0B6EE1A3E9EAC00E0E60E /* close.png */; };
		10A0B6F31A3E9EAC00E0E60E /* close@2x.png in Resources */ = {isa = PBXBuildFile; fileRef = 10A0B6EF1A3E9EAC00E0E60E /* close@2x.png */; };
		10A0B6F51A3EAD4B00E0E60E /* Settings.plist in Resources */ = {isa = PBXBuildFile; fileRef = 10A0B6F41A3EAD4B00E0E60E /* Settings.plist */; };
		10A0B6F81A3ECD0300E0E60E /* locked.png in Resources */ = {isa = PBXBuildFile; fileRef = 10A0B6F61A3ECD0300E0E60E /* locked.png */; };
		10A0B6F91A3ECD0300E0E60E /* locked@2x.png in Resources */ = {isa = PBXBuildFile; fileRef = 10A0B6F71A3ECD0300E0E60E /* locked@2x.png */; };
		10A0B6FC1A3EDF4200E0E60E /* Crashlytics.framework in Frameworks */ = {isa = PBXBuildFile; fileRef = 10A0B6FB1A3EDF4200E0E60E /* Crashlytics.framework */; };
		10AF83701A36F35100D5D737 /* facebook.png in Resources */ = {isa = PBXBuildFile; fileRef = 10AF83661A36F35100D5D737 /* facebook.png */; };
		10AF83711A36F35100D5D737 /* facebook@2x.png in Resources */ = {isa = PBXBuildFile; fileRef = 10AF83671A36F35100D5D737 /* facebook@2x.png */; };
		10AF83721A36F35100D5D737 /* instagram.png in Resources */ = {isa = PBXBuildFile; fileRef = 10AF83681A36F35100D5D737 /* instagram.png */; };
		10AF83731A36F35100D5D737 /* instagram@2x.png in Resources */ = {isa = PBXBuildFile; fileRef = 10AF83691A36F35100D5D737 /* instagram@2x.png */; };
		10AF83741A36F35100D5D737 /* save.png in Resources */ = {isa = PBXBuildFile; fileRef = 10AF836A1A36F35100D5D737 /* save.png */; };
		10AF83751A36F35100D5D737 /* save@2x.png in Resources */ = {isa = PBXBuildFile; fileRef = 10AF836B1A36F35100D5D737 /* save@2x.png */; };
		10AF83761A36F35100D5D737 /* twitter.png in Resources */ = {isa = PBXBuildFile; fileRef = 10AF836C1A36F35100D5D737 /* twitter.png */; };
		10AF83771A36F35100D5D737 /* twitter@2x.png in Resources */ = {isa = PBXBuildFile; fileRef = 10AF836D1A36F35100D5D737 /* twitter@2x.png */; };
		10AF83781A36F35100D5D737 /* delete.png in Resources */ = {isa = PBXBuildFile; fileRef = 10AF836E1A36F35100D5D737 /* delete.png */; };
		10AF83791A36F35100D5D737 /* delete@2x.png in Resources */ = {isa = PBXBuildFile; fileRef = 10AF836F1A36F35100D5D737 /* delete@2x.png */; };
		10BE1C6D1A2200BA003A9A88 /* IAPHelper.m in Sources */ = {isa = PBXBuildFile; fileRef = 10BE1C6C1A2200BA003A9A88 /* IAPHelper.m */; };
		10BE1C6F1A2206BD003A9A88 /* StoreKit.framework in Frameworks */ = {isa = PBXBuildFile; fileRef = 10BE1C6E1A2206BD003A9A88 /* StoreKit.framework */; };
		10E52B9E1A21BD3D00D82814 /* main.m in Sources */ = {isa = PBXBuildFile; fileRef = 10E52B9D1A21BD3D00D82814 /* main.m */; };
		10E52BA11A21BD3D00D82814 /* AppDelegate.m in Sources */ = {isa = PBXBuildFile; fileRef = 10E52BA01A21BD3D00D82814 /* AppDelegate.m */; };
		10E52BA71A21BD3D00D82814 /* Main.storyboard in Resources */ = {isa = PBXBuildFile; fileRef = 10E52BA51A21BD3D00D82814 /* Main.storyboard */; };
		10E52BA91A21BD3D00D82814 /* Images.xcassets in Resources */ = {isa = PBXBuildFile; fileRef = 10E52BA81A21BD3D00D82814 /* Images.xcassets */; };
		10E52BAC1A21BD3D00D82814 /* LaunchScreen.xib in Resources */ = {isa = PBXBuildFile; fileRef = 10E52BAA1A21BD3D00D82814 /* LaunchScreen.xib */; };
		10E52BB81A21BD3D00D82814 /* StickerTests.m in Sources */ = {isa = PBXBuildFile; fileRef = 10E52BB71A21BD3D00D82814 /* StickerTests.m */; };
		3048C3DF0076E5844A52169D /* libPods.a in Frameworks */ = {isa = PBXBuildFile; fileRef = E2CAFEC3D2A89EBFD618D367 /* libPods.a */; };
/* End PBXBuildFile section */

/* Begin PBXContainerItemProxy section */
		10E52BB21A21BD3D00D82814 /* PBXContainerItemProxy */ = {
			isa = PBXContainerItemProxy;
			containerPortal = 10E52B901A21BD3D00D82814 /* Project object */;
			proxyType = 1;
			remoteGlobalIDString = 10E52B971A21BD3D00D82814;
			remoteInfo = Sticker;
		};
/* End PBXContainerItemProxy section */

/* Begin PBXFileReference section */
		1010B90D1A4339DC00A50BAC /* icon_reload.png */ = {isa = PBXFileReference; lastKnownFileType = image.png; path = icon_reload.png; sourceTree = "<group>"; };
		1010B90E1A4339DC00A50BAC /* icon_reload@2x.png */ = {isa = PBXFileReference; lastKnownFileType = image.png; path = "icon_reload@2x.png"; sourceTree = "<group>"; };
		1029B0411A3D9AD400D8ECA6 /* mail.png */ = {isa = PBXFileReference; lastKnownFileType = image.png; path = mail.png; sourceTree = "<group>"; };
		1029B0421A3D9AD400D8ECA6 /* mail@2x.png */ = {isa = PBXFileReference; lastKnownFileType = image.png; path = "mail@2x.png"; sourceTree = "<group>"; };
		1029B0431A3D9AD400D8ECA6 /* message.png */ = {isa = PBXFileReference; lastKnownFileType = image.png; path = message.png; sourceTree = "<group>"; };
		1029B0441A3D9AD400D8ECA6 /* message@2x.png */ = {isa = PBXFileReference; lastKnownFileType = image.png; path = "message@2x.png"; sourceTree = "<group>"; };
		102D6E871A448E4300DF6266 /* icon.png */ = {isa = PBXFileReference; lastKnownFileType = image.png; path = icon.png; sourceTree = "<group>"; };
		102D6E881A448E4300DF6266 /* icon@2x.png */ = {isa = PBXFileReference; lastKnownFileType = image.png; path = "icon@2x.png"; sourceTree = "<group>"; };
		1046A4311A24C1D6005B3E29 /* StickerList.plist */ = {isa = PBXFileReference; fileEncoding = 4; lastKnownFileType = text.plist.xml; path = StickerList.plist; sourceTree = "<group>"; };
		106484AF1A344BD200CA21D3 /* MenuTableViewCell.h */ = {isa = PBXFileReference; fileEncoding = 4; lastKnownFileType = sourcecode.c.h; path = MenuTableViewCell.h; sourceTree = "<group>"; };
		106484B01A344BD200CA21D3 /* MenuTableViewCell.m */ = {isa = PBXFileReference; fileEncoding = 4; lastKnownFileType = sourcecode.c.objc; path = MenuTableViewCell.m; sourceTree = "<group>"; };
		106484B11A344BD200CA21D3 /* StickerCollectionViewCell.h */ = {isa = PBXFileReference; fileEncoding = 4; lastKnownFileType = sourcecode.c.h; path = StickerCollectionViewCell.h; sourceTree = "<group>"; };
		106484B21A344BD200CA21D3 /* StickerCollectionViewCell.m */ = {isa = PBXFileReference; fileEncoding = 4; lastKnownFileType = sourcecode.c.objc; path = StickerCollectionViewCell.m; sourceTree = "<group>"; };
		106484B51A344BF400CA21D3 /* MenuViewController.h */ = {isa = PBXFileReference; fileEncoding = 4; lastKnownFileType = sourcecode.c.h; path = MenuViewController.h; sourceTree = "<group>"; };
		106484B61A344BF400CA21D3 /* MenuViewController.m */ = {isa = PBXFileReference; fileEncoding = 4; lastKnownFileType = sourcecode.c.objc; path = MenuViewController.m; sourceTree = "<group>"; };
		106484B71A344BF400CA21D3 /* StickerCollectionViewController.h */ = {isa = PBXFileReference; fileEncoding = 4; lastKnownFileType = sourcecode.c.h; path = StickerCollectionViewController.h; sourceTree = "<group>"; };
		106484B81A344BF400CA21D3 /* StickerCollectionViewController.m */ = {isa = PBXFileReference; fileEncoding = 4; lastKnownFileType = sourcecode.c.objc; path = StickerCollectionViewController.m; sourceTree = "<group>"; };
		106484B91A344BF400CA21D3 /* ViewController.h */ = {isa = PBXFileReference; fileEncoding = 4; lastKnownFileType = sourcecode.c.h; path = ViewController.h; sourceTree = "<group>"; };
		106484BA1A344BF400CA21D3 /* ViewController.m */ = {isa = PBXFileReference; fileEncoding = 4; lastKnownFileType = sourcecode.c.objc; path = ViewController.m; sourceTree = "<group>"; };
		106484BF1A34581600CA21D3 /* Bangers.ttf */ = {isa = PBXFileReference; lastKnownFileType = file; path = Bangers.ttf; sourceTree = "<group>"; };
		1083EC161A24864600534CBB /* BPDynamicTransition.h */ = {isa = PBXFileReference; fileEncoding = 4; lastKnownFileType = sourcecode.c.h; path = BPDynamicTransition.h; sourceTree = "<group>"; };
		1083EC171A24864600534CBB /* BPDynamicTransition.m */ = {isa = PBXFileReference; fileEncoding = 4; lastKnownFileType = sourcecode.c.objc; path = BPDynamicTransition.m; sourceTree = "<group>"; };
		1083EC181A24864600534CBB /* BPTransition.h */ = {isa = PBXFileReference; fileEncoding = 4; lastKnownFileType = sourcecode.c.h; path = BPTransition.h; sourceTree = "<group>"; };
		1083EC191A24864600534CBB /* BPTransition.m */ = {isa = PBXFileReference; fileEncoding = 4; lastKnownFileType = sourcecode.c.objc; path = BPTransition.m; sourceTree = "<group>"; };
		1083EC1C1A2486E600534CBB /* Sticker-Prefix.pch */ = {isa = PBXFileReference; fileEncoding = 4; lastKnownFileType = sourcecode.c.h; path = "Sticker-Prefix.pch"; sourceTree = "<group>"; };
		1083EC1D1A24877400534CBB /* Helper.h */ = {isa = PBXFileReference; fileEncoding = 4; lastKnownFileType = sourcecode.c.h; path = Helper.h; sourceTree = "<group>"; };
		1083EC1E1A24877400534CBB /* Helper.m */ = {isa = PBXFileReference; fileEncoding = 4; lastKnownFileType = sourcecode.c.objc; path = Helper.m; sourceTree = "<group>"; };
		10A0600D1A3493AD006DC430 /* Portrait~ipad.png */ = {isa = PBXFileReference; lastKnownFileType = image.png; path = "Portrait~ipad.png"; sourceTree = "<group>"; };
		10A0600E1A3493AD006DC430 /* Portrait@2x~ipad.png */ = {isa = PBXFileReference; lastKnownFileType = image.png; path = "Portrait@2x~ipad.png"; sourceTree = "<group>"; };
		10A0600F1A3493AD006DC430 /* Portrait-568h@2x~iphone.png */ = {isa = PBXFileReference; lastKnownFileType = image.png; path = "Portrait-568h@2x~iphone.png"; sourceTree = "<group>"; };
		10A060101A3493AD006DC430 /* Portrait@2x~iphone.png */ = {isa = PBXFileReference; lastKnownFileType = image.png; path = "Portrait@2x~iphone.png"; sourceTree = "<group>"; };
		10A060151A34996D006DC430 /* menu_icon@2x.png */ = {isa = PBXFileReference; lastKnownFileType = image.png; path = "menu_icon@2x.png"; sourceTree = "<group>"; };
		10A0B6E01A3E91C800E0E60E /* camera.png */ = {isa = PBXFileReference; lastKnownFileType = image.png; path = camera.png; sourceTree = "<group>"; };
		10A0B6E11A3E91C800E0E60E /* camera@2x.png */ = {isa = PBXFileReference; lastKnownFileType = image.png; path = "camera@2x.png"; sourceTree = "<group>"; };
		10A0B6E41A3E931A00E0E60E /* menu.png */ = {isa = PBXFileReference; lastKnownFileType = image.png; path = menu.png; sourceTree = "<group>"; };
		10A0B6E51A3E931A00E0E60E /* menu@2x.png */ = {isa = PBXFileReference; lastKnownFileType = image.png; path = "menu@2x.png"; sourceTree = "<group>"; };
		10A0B6E81A3E9C1700E0E60E /* move.png */ = {isa = PBXFileReference; lastKnownFileType = image.png; path = move.png; sourceTree = "<group>"; };
		10A0B6E91A3E9C1700E0E60E /* move@2x.png */ = {isa = PBXFileReference; lastKnownFileType = image.png; path = "move@2x.png"; sourceTree = "<group>"; };
		10A0B6EC1A3E9EAC00E0E60E /* flip.png */ = {isa = PBXFileReference; lastKnownFileType = image.png; path = flip.png; sourceTree = "<group>"; };
		10A0B6ED1A3E9EAC00E0E60E /* flip@2x.png */ = {isa = PBXFileReference; lastKnownFileType = image.png; path = "flip@2x.png"; sourceTree = "<group>"; };
		10A0B6EE1A3E9EAC00E0E60E /* close.png */ = {isa = PBXFileReference; lastKnownFileType = image.png; path = close.png; sourceTree = "<group>"; };
		10A0B6EF1A3E9EAC00E0E60E /* close@2x.png */ = {isa = PBXFileReference; lastKnownFileType = image.png; path = "close@2x.png"; sourceTree = "<group>"; };
		10A0B6F41A3EAD4B00E0E60E /* Settings.plist */ = {isa = PBXFileReference; fileEncoding = 4; lastKnownFileType = text.plist.xml; path = Settings.plist; sourceTree = "<group>"; };
		10A0B6F61A3ECD0300E0E60E /* locked.png */ = {isa = PBXFileReference; lastKnownFileType = image.png; path = locked.png; sourceTree = "<group>"; };
		10A0B6F71A3ECD0300E0E60E /* locked@2x.png */ = {isa = PBXFileReference; lastKnownFileType = image.png; path = "locked@2x.png"; sourceTree = "<group>"; };
		10A0B6FB1A3EDF4200E0E60E /* Crashlytics.framework */ = {isa = PBXFileReference; lastKnownFileType = wrapper.framework; path = Crashlytics.framework; sourceTree = "<group>"; };
		10AF83661A36F35100D5D737 /* facebook.png */ = {isa = PBXFileReference; lastKnownFileType = image.png; path = facebook.png; sourceTree = "<group>"; };
		10AF83671A36F35100D5D737 /* facebook@2x.png */ = {isa = PBXFileReference; lastKnownFileType = image.png; path = "facebook@2x.png"; sourceTree = "<group>"; };
		10AF83681A36F35100D5D737 /* instagram.png */ = {isa = PBXFileReference; lastKnownFileType = image.png; path = instagram.png; sourceTree = "<group>"; };
		10AF83691A36F35100D5D737 /* instagram@2x.png */ = {isa = PBXFileReference; lastKnownFileType = image.png; path = "instagram@2x.png"; sourceTree = "<group>"; };
		10AF836A1A36F35100D5D737 /* save.png */ = {isa = PBXFileReference; lastKnownFileType = image.png; path = save.png; sourceTree = "<group>"; };
		10AF836B1A36F35100D5D737 /* save@2x.png */ = {isa = PBXFileReference; lastKnownFileType = image.png; path = "save@2x.png"; sourceTree = "<group>"; };
		10AF836C1A36F35100D5D737 /* twitter.png */ = {isa = PBXFileReference; lastKnownFileType = image.png; path = twitter.png; sourceTree = "<group>"; };
		10AF836D1A36F35100D5D737 /* twitter@2x.png */ = {isa = PBXFileReference; lastKnownFileType = image.png; path = "twitter@2x.png"; sourceTree = "<group>"; };
		10AF836E1A36F35100D5D737 /* delete.png */ = {isa = PBXFileReference; lastKnownFileType = image.png; path = delete.png; sourceTree = "<group>"; };
		10AF836F1A36F35100D5D737 /* delete@2x.png */ = {isa = PBXFileReference; lastKnownFileType = image.png; path = "delete@2x.png"; sourceTree = "<group>"; };
		10BE1C6B1A2200BA003A9A88 /* IAPHelper.h */ = {isa = PBXFileReference; fileEncoding = 4; lastKnownFileType = sourcecode.c.h; path = IAPHelper.h; sourceTree = "<group>"; };
		10BE1C6C1A2200BA003A9A88 /* IAPHelper.m */ = {isa = PBXFileReference; fileEncoding = 4; lastKnownFileType = sourcecode.c.objc; path = IAPHelper.m; sourceTree = "<group>"; };
		10BE1C6E1A2206BD003A9A88 /* StoreKit.framework */ = {isa = PBXFileReference; lastKnownFileType = wrapper.framework; name = StoreKit.framework; path = System/Library/Frameworks/StoreKit.framework; sourceTree = SDKROOT; };
		10E52B981A21BD3D00D82814 /* MovieFX Props.app */ = {isa = PBXFileReference; explicitFileType = wrapper.application; includeInIndex = 0; path = "MovieFX Props.app"; sourceTree = BUILT_PRODUCTS_DIR; };
		10E52B9C1A21BD3D00D82814 /* Info.plist */ = {isa = PBXFileReference; lastKnownFileType = text.plist.xml; path = Info.plist; sourceTree = "<group>"; };
		10E52B9D1A21BD3D00D82814 /* main.m */ = {isa = PBXFileReference; lastKnownFileType = sourcecode.c.objc; path = main.m; sourceTree = "<group>"; };
		10E52B9F1A21BD3D00D82814 /* AppDelegate.h */ = {isa = PBXFileReference; lastKnownFileType = sourcecode.c.h; path = AppDelegate.h; sourceTree = "<group>"; };
		10E52BA01A21BD3D00D82814 /* AppDelegate.m */ = {isa = PBXFileReference; lastKnownFileType = sourcecode.c.objc; path = AppDelegate.m; sourceTree = "<group>"; };
		10E52BA61A21BD3D00D82814 /* Base */ = {isa = PBXFileReference; lastKnownFileType = file.storyboard; name = Base; path = Base.lproj/Main.storyboard; sourceTree = "<group>"; };
		10E52BA81A21BD3D00D82814 /* Images.xcassets */ = {isa = PBXFileReference; lastKnownFileType = folder.assetcatalog; path = Images.xcassets; sourceTree = "<group>"; };
		10E52BAB1A21BD3D00D82814 /* Base */ = {isa = PBXFileReference; lastKnownFileType = file.xib; name = Base; path = Base.lproj/LaunchScreen.xib; sourceTree = "<group>"; };
		10E52BB11A21BD3D00D82814 /* StickerTests.xctest */ = {isa = PBXFileReference; explicitFileType = wrapper.cfbundle; includeInIndex = 0; path = StickerTests.xctest; sourceTree = BUILT_PRODUCTS_DIR; };
		10E52BB61A21BD3D00D82814 /* Info.plist */ = {isa = PBXFileReference; lastKnownFileType = text.plist.xml; path = Info.plist; sourceTree = "<group>"; };
		10E52BB71A21BD3D00D82814 /* StickerTests.m */ = {isa = PBXFileReference; lastKnownFileType = sourcecode.c.objc; path = StickerTests.m; sourceTree = "<group>"; };
		91D7BCE7E7C018082A36AAEE /* Pods.release.xcconfig */ = {isa = PBXFileReference; includeInIndex = 1; lastKnownFileType = text.xcconfig; name = Pods.release.xcconfig; path = "Pods/Target Support Files/Pods/Pods.release.xcconfig"; sourceTree = "<group>"; };
		DAC843FDE9291B6B2B53BC2D /* Pods.debug.xcconfig */ = {isa = PBXFileReference; includeInIndex = 1; lastKnownFileType = text.xcconfig; name = Pods.debug.xcconfig; path = "Pods/Target Support Files/Pods/Pods.debug.xcconfig"; sourceTree = "<group>"; };
		E2CAFEC3D2A89EBFD618D367 /* libPods.a */ = {isa = PBXFileReference; explicitFileType = archive.ar; includeInIndex = 0; path = libPods.a; sourceTree = BUILT_PRODUCTS_DIR; };
/* End PBXFileReference section */

/* Begin PBXFrameworksBuildPhase section */
		10E52B951A21BD3D00D82814 /* Frameworks */ = {
			isa = PBXFrameworksBuildPhase;
			buildActionMask = 2147483647;
			files = (
				10BE1C6F1A2206BD003A9A88 /* StoreKit.framework in Frameworks */,
				10A0B6FC1A3EDF4200E0E60E /* Crashlytics.framework in Frameworks */,
				3048C3DF0076E5844A52169D /* libPods.a in Frameworks */,
			);
			runOnlyForDeploymentPostprocessing = 0;
		};
		10E52BAE1A21BD3D00D82814 /* Frameworks */ = {
			isa = PBXFrameworksBuildPhase;
			buildActionMask = 2147483647;
			files = (
			);
			runOnlyForDeploymentPostprocessing = 0;
		};
/* End PBXFrameworksBuildPhase section */

/* Begin PBXGroup section */
		1046A42C1A24BED3005B3E29 /* Cells */ = {
			isa = PBXGroup;
			children = (
				106484AF1A344BD200CA21D3 /* MenuTableViewCell.h */,
				106484B01A344BD200CA21D3 /* MenuTableViewCell.m */,
				106484B11A344BD200CA21D3 /* StickerCollectionViewCell.h */,
				106484B21A344BD200CA21D3 /* StickerCollectionViewCell.m */,
			);
			path = Cells;
			sourceTree = "<group>";
		};
		1046A4301A24C1B0005B3E29 /* Data */ = {
			isa = PBXGroup;
			children = (
				10A0B6F41A3EAD4B00E0E60E /* Settings.plist */,
				1046A4311A24C1D6005B3E29 /* StickerList.plist */,
			);
			path = Data;
			sourceTree = "<group>";
		};
		10566DE31A239656004E668A /* ViewControllers */ = {
			isa = PBXGroup;
			children = (
				106484B51A344BF400CA21D3 /* MenuViewController.h */,
				106484B61A344BF400CA21D3 /* MenuViewController.m */,
				106484B71A344BF400CA21D3 /* StickerCollectionViewController.h */,
				106484B81A344BF400CA21D3 /* StickerCollectionViewController.m */,
				106484B91A344BF400CA21D3 /* ViewController.h */,
				106484BA1A344BF400CA21D3 /* ViewController.m */,
				1046A42C1A24BED3005B3E29 /* Cells */,
			);
			path = ViewControllers;
			sourceTree = "<group>";
		};
		106484BE1A3457D600CA21D3 /* Resources */ = {
			isa = PBXGroup;
			children = (
				106484CA1A348A0000CA21D3 /* Images */,
				106484BF1A34581600CA21D3 /* Bangers.ttf */,
			);
			path = Resources;
			sourceTree = "<group>";
		};
		106484CA1A348A0000CA21D3 /* Images */ = {
			isa = PBXGroup;
			children = (
				102D6E871A448E4300DF6266 /* icon.png */,
				102D6E881A448E4300DF6266 /* icon@2x.png */,
				1010B90D1A4339DC00A50BAC /* icon_reload.png */,
				1010B90E1A4339DC00A50BAC /* icon_reload@2x.png */,
				10A0B6F61A3ECD0300E0E60E /* locked.png */,
				10A0B6F71A3ECD0300E0E60E /* locked@2x.png */,
				10A0B6EC1A3E9EAC00E0E60E /* flip.png */,
				10A0B6ED1A3E9EAC00E0E60E /* flip@2x.png */,
				10A0B6EE1A3E9EAC00E0E60E /* close.png */,
				10A0B6EF1A3E9EAC00E0E60E /* close@2x.png */,
				10A0B6E81A3E9C1700E0E60E /* move.png */,
				10A0B6E91A3E9C1700E0E60E /* move@2x.png */,
				10A0B6E41A3E931A00E0E60E /* menu.png */,
				10A0B6E51A3E931A00E0E60E /* menu@2x.png */,
				10A0B6E01A3E91C800E0E60E /* camera.png */,
				10A0B6E11A3E91C800E0E60E /* camera@2x.png */,
				1029B0411A3D9AD400D8ECA6 /* mail.png */,
				1029B0421A3D9AD400D8ECA6 /* mail@2x.png */,
				1029B0431A3D9AD400D8ECA6 /* message.png */,
				1029B0441A3D9AD400D8ECA6 /* message@2x.png */,
				10AF83661A36F35100D5D737 /* facebook.png */,
				10AF83671A36F35100D5D737 /* facebook@2x.png */,
				10AF83681A36F35100D5D737 /* instagram.png */,
				10AF83691A36F35100D5D737 /* instagram@2x.png */,
				10AF836A1A36F35100D5D737 /* save.png */,
				10AF836B1A36F35100D5D737 /* save@2x.png */,
				10AF836C1A36F35100D5D737 /* twitter.png */,
				10AF836D1A36F35100D5D737 /* twitter@2x.png */,
				10AF836E1A36F35100D5D737 /* delete.png */,
				10AF836F1A36F35100D5D737 /* delete@2x.png */,
				10A060151A34996D006DC430 /* menu_icon@2x.png */,
				10A0600D1A3493AD006DC430 /* Portrait~ipad.png */,
				10A0600E1A3493AD006DC430 /* Portrait@2x~ipad.png */,
				10A0600F1A3493AD006DC430 /* Portrait-568h@2x~iphone.png */,
				10A060101A3493AD006DC430 /* Portrait@2x~iphone.png */,
			);
			path = Images;
			sourceTree = "<group>";
		};
		1083EC151A2485E500534CBB /* Transition */ = {
			isa = PBXGroup;
			children = (
				1083EC161A24864600534CBB /* BPDynamicTransition.h */,
				1083EC171A24864600534CBB /* BPDynamicTransition.m */,
				1083EC181A24864600534CBB /* BPTransition.h */,
				1083EC191A24864600534CBB /* BPTransition.m */,
			);
			path = Transition;
			sourceTree = "<group>";
		};
		10BE1C671A21FF97003A9A88 /* Helper */ = {
			isa = PBXGroup;
			children = (
				10BE1C6B1A2200BA003A9A88 /* IAPHelper.h */,
				10BE1C6C1A2200BA003A9A88 /* IAPHelper.m */,
				1083EC1D1A24877400534CBB /* Helper.h */,
				1083EC1E1A24877400534CBB /* Helper.m */,
			);
			path = Helper;
			sourceTree = "<group>";
		};
		10E52B8F1A21BD3D00D82814 = {
			isa = PBXGroup;
			children = (
				10E52B9A1A21BD3D00D82814 /* s */,
				10E52BB41A21BD3D00D82814 /* StickerTests */,
				10E52B991A21BD3D00D82814 /* Products */,
				CAAC2B2FCA4B228EC251C7C9 /* Pods */,
				7408DEAF5A14AD1C21D2FB00 /* Frameworks */,
			);
			sourceTree = "<group>";
		};
		10E52B991A21BD3D00D82814 /* Products */ = {
			isa = PBXGroup;
			children = (
				10E52B981A21BD3D00D82814 /* MovieFX Props.app */,
				10E52BB11A21BD3D00D82814 /* StickerTests.xctest */,
			);
			name = Products;
			sourceTree = "<group>";
		};
		10E52B9A1A21BD3D00D82814 /* s */ = {
			isa = PBXGroup;
			children = (
				106484BE1A3457D600CA21D3 /* Resources */,
				1046A4301A24C1B0005B3E29 /* Data */,
				1083EC151A2485E500534CBB /* Transition */,
				10566DE31A239656004E668A /* ViewControllers */,
				10BE1C671A21FF97003A9A88 /* Helper */,
				10E52B9F1A21BD3D00D82814 /* AppDelegate.h */,
				10E52BA01A21BD3D00D82814 /* AppDelegate.m */,
				10E52BA51A21BD3D00D82814 /* Main.storyboard */,
				10E52BA81A21BD3D00D82814 /* Images.xcassets */,
				10E52BAA1A21BD3D00D82814 /* LaunchScreen.xib */,
				10E52B9B1A21BD3D00D82814 /* Supporting Files */,
			);
			name = s;
			path = Sticker;
			sourceTree = "<group>";
		};
		10E52B9B1A21BD3D00D82814 /* Supporting Files */ = {
			isa = PBXGroup;
			children = (
				1083EC1C1A2486E600534CBB /* Sticker-Prefix.pch */,
				10E52B9C1A21BD3D00D82814 /* Info.plist */,
				10E52B9D1A21BD3D00D82814 /* main.m */,
			);
			name = "Supporting Files";
			sourceTree = "<group>";
		};
		10E52BB41A21BD3D00D82814 /* StickerTests */ = {
			isa = PBXGroup;
			children = (
				10E52BB71A21BD3D00D82814 /* StickerTests.m */,
				10E52BB51A21BD3D00D82814 /* Supporting Files */,
			);
			path = StickerTests;
			sourceTree = "<group>";
		};
		10E52BB51A21BD3D00D82814 /* Supporting Files */ = {
			isa = PBXGroup;
			children = (
				10E52BB61A21BD3D00D82814 /* Info.plist */,
			);
			name = "Supporting Files";
			sourceTree = "<group>";
		};
		7408DEAF5A14AD1C21D2FB00 /* Frameworks */ = {
			isa = PBXGroup;
			children = (
				10A0B6FB1A3EDF4200E0E60E /* Crashlytics.framework */,
				10BE1C6E1A2206BD003A9A88 /* StoreKit.framework */,
				E2CAFEC3D2A89EBFD618D367 /* libPods.a */,
			);
			name = Frameworks;
			sourceTree = "<group>";
		};
		CAAC2B2FCA4B228EC251C7C9 /* Pods */ = {
			isa = PBXGroup;
			children = (
				DAC843FDE9291B6B2B53BC2D /* Pods.debug.xcconfig */,
				91D7BCE7E7C018082A36AAEE /* Pods.release.xcconfig */,
			);
			name = Pods;
			sourceTree = "<group>";
		};
/* End PBXGroup section */

/* Begin PBXNativeTarget section */
		10E52B971A21BD3D00D82814 /* Sticker */ = {
			isa = PBXNativeTarget;
			buildConfigurationList = 10E52BBB1A21BD3D00D82814 /* Build configuration list for PBXNativeTarget "Sticker" */;
			buildPhases = (
				A818A94C291092DC6B528B56 /* Check Pods Manifest.lock */,
				10E52B941A21BD3D00D82814 /* Sources */,
				10E52B951A21BD3D00D82814 /* Frameworks */,
				10E52B961A21BD3D00D82814 /* Resources */,
				F8EE39E0386E3D94EFEEB3EC /* Copy Pods Resources */,
				10A0B6FA1A3EDF1E00E0E60E /* ShellScript */,
			);
			buildRules = (
			);
			dependencies = (
			);
			name = Sticker;
			productName = Sticker;
			productReference = 10E52B981A21BD3D00D82814 /* MovieFX Props.app */;
			productType = "com.apple.product-type.application";
		};
		10E52BB01A21BD3D00D82814 /* StickerTests */ = {
			isa = PBXNativeTarget;
			buildConfigurationList = 10E52BBE1A21BD3D00D82814 /* Build configuration list for PBXNativeTarget "StickerTests" */;
			buildPhases = (
				10E52BAD1A21BD3D00D82814 /* Sources */,
				10E52BAE1A21BD3D00D82814 /* Frameworks */,
				10E52BAF1A21BD3D00D82814 /* Resources */,
			);
			buildRules = (
			);
			dependencies = (
				10E52BB31A21BD3D00D82814 /* PBXTargetDependency */,
			);
			name = StickerTests;
			productName = StickerTests;
			productReference = 10E52BB11A21BD3D00D82814 /* StickerTests.xctest */;
			productType = "com.apple.product-type.bundle.unit-test";
		};
/* End PBXNativeTarget section */

/* Begin PBXProject section */
		10E52B901A21BD3D00D82814 /* Project object */ = {
			isa = PBXProject;
			attributes = {
				LastUpgradeCheck = 0610;
				ORGANIZATIONNAME = Q;
				TargetAttributes = {
					10E52B971A21BD3D00D82814 = {
						CreatedOnToolsVersion = 6.1;
						DevelopmentTeam = UH5VVTMLZZ;
					};
					10E52BB01A21BD3D00D82814 = {
						CreatedOnToolsVersion = 6.1;
						TestTargetID = 10E52B971A21BD3D00D82814;
					};
				};
			};
			buildConfigurationList = 10E52B931A21BD3D00D82814 /* Build configuration list for PBXProject "Sticker" */;
			compatibilityVersion = "Xcode 3.2";
			developmentRegion = English;
			hasScannedForEncodings = 0;
			knownRegions = (
				en,
				Base,
			);
			mainGroup = 10E52B8F1A21BD3D00D82814;
			productRefGroup = 10E52B991A21BD3D00D82814 /* Products */;
			projectDirPath = "";
			projectRoot = "";
			targets = (
				10E52B971A21BD3D00D82814 /* Sticker */,
				10E52BB01A21BD3D00D82814 /* StickerTests */,
			);
		};
/* End PBXProject section */

/* Begin PBXResourcesBuildPhase section */
		10E52B961A21BD3D00D82814 /* Resources */ = {
			isa = PBXResourcesBuildPhase;
			buildActionMask = 2147483647;
			files = (
				1046A4321A24C1D6005B3E29 /* StickerList.plist in Resources */,
				10A0B6E71A3E931A00E0E60E /* menu@2x.png in Resources */,
				10A0B6F01A3E9EAC00E0E60E /* flip.png in Resources */,
				10A0B6F81A3ECD0300E0E60E /* locked.png in Resources */,
				10AF83791A36F35100D5D737 /* delete@2x.png in Resources */,
				10A0B6F51A3EAD4B00E0E60E /* Settings.plist in Resources */,
				1010B9101A4339DC00A50BAC /* icon_reload@2x.png in Resources */,
				10A0B6E61A3E931A00E0E60E /* menu.png in Resources */,
				1029B0451A3D9AD400D8ECA6 /* mail.png in Resources */,
				10E52BA71A21BD3D00D82814 /* Main.storyboard in Resources */,
				10AF83771A36F35100D5D737 /* twitter@2x.png in Resources */,
				1029B0481A3D9AD400D8ECA6 /* message@2x.png in Resources */,
				10E52BAC1A21BD3D00D82814 /* LaunchScreen.xib in Resources */,
				10AF83701A36F35100D5D737 /* facebook.png in Resources */,
				10E52BA91A21BD3D00D82814 /* Images.xcassets in Resources */,
				10A0B6E31A3E91C800E0E60E /* camera@2x.png in Resources */,
				10A0B6EA1A3E9C1700E0E60E /* move.png in Resources */,
				102D6E8A1A448E4300DF6266 /* icon@2x.png in Resources */,
				10A0B6F91A3ECD0300E0E60E /* locked@2x.png in Resources */,
				10A0B6EB1A3E9C1700E0E60E /* move@2x.png in Resources */,
				10A060141A3493AD006DC430 /* Portrait@2x~iphone.png in Resources */,
				10AF83721A36F35100D5D737 /* instagram.png in Resources */,
				10A0B6F31A3E9EAC00E0E60E /* close@2x.png in Resources */,
				10AF83751A36F35100D5D737 /* save@2x.png in Resources */,
				106484C01A34581600CA21D3 /* Bangers.ttf in Resources */,
				1010B90F1A4339DC00A50BAC /* icon_reload.png in Resources */,
				10A0B6F11A3E9EAC00E0E60E /* flip@2x.png in Resources */,
				10A060111A3493AD006DC430 /* Portrait~ipad.png in Resources */,
				10A0B6E21A3E91C800E0E60E /* camera.png in Resources */,
				10AF83761A36F35100D5D737 /* twitter.png in Resources */,
				10A060121A3493AD006DC430 /* Portrait@2x~ipad.png in Resources */,
				10A060161A34996D006DC430 /* menu_icon@2x.png in Resources */,
				1029B0471A3D9AD400D8ECA6 /* message.png in Resources */,
				10AF83741A36F35100D5D737 /* save.png in Resources */,
				10A0B6F21A3E9EAC00E0E60E /* close.png in Resources */,
				10AF83711A36F35100D5D737 /* facebook@2x.png in Resources */,
				1029B0461A3D9AD400D8ECA6 /* mail@2x.png in Resources */,
				102D6E891A448E4300DF6266 /* icon.png in Resources */,
				10AF83781A36F35100D5D737 /* delete.png in Resources */,
				10A060131A3493AD006DC430 /* Portrait-568h@2x~iphone.png in Resources */,
				10AF83731A36F35100D5D737 /* instagram@2x.png in Resources */,
			);
			runOnlyForDeploymentPostprocessing = 0;
		};
		10E52BAF1A21BD3D00D82814 /* Resources */ = {
			isa = PBXResourcesBuildPhase;
			buildActionMask = 2147483647;
			files = (
			);
			runOnlyForDeploymentPostprocessing = 0;
		};
/* End PBXResourcesBuildPhase section */

/* Begin PBXShellScriptBuildPhase section */
		10A0B6FA1A3EDF1E00E0E60E /* ShellScript */ = {
			isa = PBXShellScriptBuildPhase;
			buildActionMask = 2147483647;
			files = (
			);
			inputPaths = (
			);
			outputPaths = (
			);
			runOnlyForDeploymentPostprocessing = 0;
			shellPath = /bin/sh;
			shellScript = "./Crashlytics.framework/run 6cef888a67b2dfb13971b13b469ef3cd1eb79cce 916bf43840959564c4746ac6a7d595094165f0b95efdbc65ef5981f99453d592";
		};
		A818A94C291092DC6B528B56 /* Check Pods Manifest.lock */ = {
			isa = PBXShellScriptBuildPhase;
			buildActionMask = 2147483647;
			files = (
			);
			inputPaths = (
			);
			name = "Check Pods Manifest.lock";
			outputPaths = (
			);
			runOnlyForDeploymentPostprocessing = 0;
			shellPath = /bin/sh;
			shellScript = "diff \"${PODS_ROOT}/../Podfile.lock\" \"${PODS_ROOT}/Manifest.lock\" > /dev/null\nif [[ $? != 0 ]] ; then\n    cat << EOM\nerror: The sandbox is not in sync with the Podfile.lock. Run 'pod install' or update your CocoaPods installation.\nEOM\n    exit 1\nfi\n";
			showEnvVarsInLog = 0;
		};
		F8EE39E0386E3D94EFEEB3EC /* Copy Pods Resources */ = {
			isa = PBXShellScriptBuildPhase;
			buildActionMask = 2147483647;
			files = (
			);
			inputPaths = (
			);
			name = "Copy Pods Resources";
			outputPaths = (
			);
			runOnlyForDeploymentPostprocessing = 0;
			shellPath = /bin/sh;
			shellScript = "\"${SRCROOT}/Pods/Target Support Files/Pods/Pods-resources.sh\"\n";
			showEnvVarsInLog = 0;
		};
/* End PBXShellScriptBuildPhase section */

/* Begin PBXSourcesBuildPhase section */
		10E52B941A21BD3D00D82814 /* Sources */ = {
			isa = PBXSourcesBuildPhase;
			buildActionMask = 2147483647;
			files = (
				1083EC1B1A24864600534CBB /* BPTransition.m in Sources */,
				106484BB1A344BF400CA21D3 /* MenuViewController.m in Sources */,
				10BE1C6D1A2200BA003A9A88 /* IAPHelper.m in Sources */,
				1083EC1F1A24877400534CBB /* Helper.m in Sources */,
				106484B41A344BD200CA21D3 /* StickerCollectionViewCell.m in Sources */,
				106484BD1A344BF400CA21D3 /* ViewController.m in Sources */,
				1083EC1A1A24864600534CBB /* BPDynamicTransition.m in Sources */,
				10E52BA11A21BD3D00D82814 /* AppDelegate.m in Sources */,
				106484B31A344BD200CA21D3 /* MenuTableViewCell.m in Sources */,
				106484BC1A344BF400CA21D3 /* StickerCollectionViewController.m in Sources */,
				10E52B9E1A21BD3D00D82814 /* main.m in Sources */,
			);
			runOnlyForDeploymentPostprocessing = 0;
		};
		10E52BAD1A21BD3D00D82814 /* Sources */ = {
			isa = PBXSourcesBuildPhase;
			buildActionMask = 2147483647;
			files = (
				10E52BB81A21BD3D00D82814 /* StickerTests.m in Sources */,
			);
			runOnlyForDeploymentPostprocessing = 0;
		};
/* End PBXSourcesBuildPhase section */

/* Begin PBXTargetDependency section */
		10E52BB31A21BD3D00D82814 /* PBXTargetDependency */ = {
			isa = PBXTargetDependency;
			target = 10E52B971A21BD3D00D82814 /* Sticker */;
			targetProxy = 10E52BB21A21BD3D00D82814 /* PBXContainerItemProxy */;
		};
/* End PBXTargetDependency section */

/* Begin PBXVariantGroup section */
		10E52BA51A21BD3D00D82814 /* Main.storyboard */ = {
			isa = PBXVariantGroup;
			children = (
				10E52BA61A21BD3D00D82814 /* Base */,
			);
			name = Main.storyboard;
			sourceTree = "<group>";
		};
		10E52BAA1A21BD3D00D82814 /* LaunchScreen.xib */ = {
			isa = PBXVariantGroup;
			children = (
				10E52BAB1A21BD3D00D82814 /* Base */,
			);
			name = LaunchScreen.xib;
			sourceTree = "<group>";
		};
/* End PBXVariantGroup section */

/* Begin XCBuildConfiguration section */
		10E52BB91A21BD3D00D82814 /* Debug */ = {
			isa = XCBuildConfiguration;
			buildSettings = {
				ALWAYS_SEARCH_USER_PATHS = NO;
				CLANG_CXX_LANGUAGE_STANDARD = "gnu++0x";
				CLANG_CXX_LIBRARY = "libc++";
				CLANG_ENABLE_MODULES = YES;
				CLANG_ENABLE_OBJC_ARC = YES;
				CLANG_WARN_BOOL_CONVERSION = YES;
				CLANG_WARN_CONSTANT_CONVERSION = YES;
				CLANG_WARN_DIRECT_OBJC_ISA_USAGE = YES_ERROR;
				CLANG_WARN_EMPTY_BODY = YES;
				CLANG_WARN_ENUM_CONVERSION = YES;
				CLANG_WARN_INT_CONVERSION = YES;
				CLANG_WARN_OBJC_ROOT_CLASS = YES_ERROR;
				CLANG_WARN_UNREACHABLE_CODE = YES;
				CLANG_WARN__DUPLICATE_METHOD_MATCH = YES;
				"CODE_SIGN_IDENTITY[sdk=iphoneos*]" = "iPhone Developer";
				COPY_PHASE_STRIP = NO;
				ENABLE_STRICT_OBJC_MSGSEND = YES;
				GCC_C_LANGUAGE_STANDARD = gnu99;
				GCC_DYNAMIC_NO_PIC = NO;
				GCC_OPTIMIZATION_LEVEL = 0;
				GCC_PREPROCESSOR_DEFINITIONS = (
					"DEBUG=1",
					"$(inherited)",
				);
				GCC_SYMBOLS_PRIVATE_EXTERN = NO;
				GCC_WARN_64_TO_32_BIT_CONVERSION = YES;
				GCC_WARN_ABOUT_RETURN_TYPE = YES_ERROR;
				GCC_WARN_UNDECLARED_SELECTOR = YES;
				GCC_WARN_UNINITIALIZED_AUTOS = YES_AGGRESSIVE;
				GCC_WARN_UNUSED_FUNCTION = YES;
				GCC_WARN_UNUSED_VARIABLE = YES;
				IPHONEOS_DEPLOYMENT_TARGET = 8.1;
				MTL_ENABLE_DEBUG_INFO = YES;
				ONLY_ACTIVE_ARCH = YES;
				SDKROOT = iphoneos;
				TARGETED_DEVICE_FAMILY = "1,2";
			};
			name = Debug;
		};
		10E52BBA1A21BD3D00D82814 /* Release */ = {
			isa = XCBuildConfiguration;
			buildSettings = {
				ALWAYS_SEARCH_USER_PATHS = NO;
				CLANG_CXX_LANGUAGE_STANDARD = "gnu++0x";
				CLANG_CXX_LIBRARY = "libc++";
				CLANG_ENABLE_MODULES = YES;
				CLANG_ENABLE_OBJC_ARC = YES;
				CLANG_WARN_BOOL_CONVERSION = YES;
				CLANG_WARN_CONSTANT_CONVERSION = YES;
				CLANG_WARN_DIRECT_OBJC_ISA_USAGE = YES_ERROR;
				CLANG_WARN_EMPTY_BODY = YES;
				CLANG_WARN_ENUM_CONVERSION = YES;
				CLANG_WARN_INT_CONVERSION = YES;
				CLANG_WARN_OBJC_ROOT_CLASS = YES_ERROR;
				CLANG_WARN_UNREACHABLE_CODE = YES;
				CLANG_WARN__DUPLICATE_METHOD_MATCH = YES;
				"CODE_SIGN_IDENTITY[sdk=iphoneos*]" = "iPhone Developer";
				COPY_PHASE_STRIP = YES;
				ENABLE_NS_ASSERTIONS = NO;
				ENABLE_STRICT_OBJC_MSGSEND = YES;
				GCC_C_LANGUAGE_STANDARD = gnu99;
				GCC_WARN_64_TO_32_BIT_CONVERSION = YES;
				GCC_WARN_ABOUT_RETURN_TYPE = YES_ERROR;
				GCC_WARN_UNDECLARED_SELECTOR = YES;
				GCC_WARN_UNINITIALIZED_AUTOS = YES_AGGRESSIVE;
				GCC_WARN_UNUSED_FUNCTION = YES;
				GCC_WARN_UNUSED_VARIABLE = YES;
				IPHONEOS_DEPLOYMENT_TARGET = 8.1;
				MTL_ENABLE_DEBUG_INFO = NO;
				SDKROOT = iphoneos;
				TARGETED_DEVICE_FAMILY = "1,2";
				VALIDATE_PRODUCT = YES;
			};
			name = Release;
		};
		10E52BBC1A21BD3D00D82814 /* Debug */ = {
			isa = XCBuildConfiguration;
			baseConfigurationReference = DAC843FDE9291B6B2B53BC2D /* Pods.debug.xcconfig */;
			buildSettings = {
				ASSETCATALOG_COMPILER_APPICON_NAME = AppIcon;
				ASSETCATALOG_COMPILER_LAUNCHIMAGE_NAME = LaunchImage;
				CODE_SIGN_IDENTITY = "iPhone Developer: Alan Dang (J2EG24V3F8)";
				"CODE_SIGN_IDENTITY[sdk=iphoneos*]" = "iPhone Developer: Alan Dang (J2EG24V3F8)";
				FRAMEWORK_SEARCH_PATHS = (
					"$(inherited)",
					"$(PROJECT_DIR)",
				);
				GCC_PREFIX_HEADER = "Sticker/Sticker-Prefix.pch";
				INFOPLIST_FILE = Sticker/Info.plist;
				IPHONEOS_DEPLOYMENT_TARGET = 7.1;
				LD_RUNPATH_SEARCH_PATHS = "$(inherited) @executable_path/Frameworks";
				PRODUCT_NAME = "MovieFX Props";
				PROVISIONING_PROFILE = "556fe642-a29e-4ab7-bb5c-96e845d95427";
			};
			name = Debug;
		};
		10E52BBD1A21BD3D00D82814 /* Release */ = {
			isa = XCBuildConfiguration;
			baseConfigurationReference = 91D7BCE7E7C018082A36AAEE /* Pods.release.xcconfig */;
			buildSettings = {
				ASSETCATALOG_COMPILER_APPICON_NAME = AppIcon;
				ASSETCATALOG_COMPILER_LAUNCHIMAGE_NAME = LaunchImage;
				CODE_SIGN_IDENTITY = "iPhone Distribution: intence media, LLC (UH5VVTMLZZ)";
				"CODE_SIGN_IDENTITY[sdk=iphoneos*]" = "iPhone Distribution: intence media, LLC (UH5VVTMLZZ)";
				FRAMEWORK_SEARCH_PATHS = (
					"$(inherited)",
					"$(PROJECT_DIR)",
				);
				GCC_PREFIX_HEADER = "Sticker/Sticker-Prefix.pch";
				INFOPLIST_FILE = Sticker/Info.plist;
				IPHONEOS_DEPLOYMENT_TARGET = 7.1;
				LD_RUNPATH_SEARCH_PATHS = "$(inherited) @executable_path/Frameworks";
				PRODUCT_NAME = "MovieFX Props";
				PROVISIONING_PROFILE = "060a2948-3b36-4b0a-b891-e99aba07be18";
			};
			name = Release;
		};
		10E52BBF1A21BD3D00D82814 /* Debug */ = {
			isa = XCBuildConfiguration;
			buildSettings = {
				BUNDLE_LOADER = "$(TEST_HOST)";
				FRAMEWORK_SEARCH_PATHS = (
					"$(SDKROOT)/Developer/Library/Frameworks",
					"$(inherited)",
				);
				GCC_PREPROCESSOR_DEFINITIONS = (
					"DEBUG=1",
					"$(inherited)",
				);
				INFOPLIST_FILE = StickerTests/Info.plist;
				LD_RUNPATH_SEARCH_PATHS = "$(inherited) @executable_path/Frameworks @loader_path/Frameworks";
				PRODUCT_NAME = "$(TARGET_NAME)";
				TEST_HOST = "$(BUILT_PRODUCTS_DIR)/Sticker.app/Sticker";
			};
			name = Debug;
		};
		10E52BC01A21BD3D00D82814 /* Release */ = {
			isa = XCBuildConfiguration;
			buildSettings = {
				BUNDLE_LOADER = "$(TEST_HOST)";
				FRAMEWORK_SEARCH_PATHS = (
					"$(SDKROOT)/Developer/Library/Frameworks",
					"$(inherited)",
				);
				INFOPLIST_FILE = StickerTests/Info.plist;
				LD_RUNPATH_SEARCH_PATHS = "$(inherited) @executable_path/Frameworks @loader_path/Frameworks";
				PRODUCT_NAME = "$(TARGET_NAME)";
				TEST_HOST = "$(BUILT_PRODUCTS_DIR)/Sticker.app/Sticker";
			};
			name = Release;
		};
/* End XCBuildConfiguration section */

/* Begin XCConfigurationList section */
		10E52B931A21BD3D00D82814 /* Build configuration list for PBXProject "Sticker" */ = {
			isa = XCConfigurationList;
			buildConfigurations = (
				10E52BB91A21BD3D00D82814 /* Debug */,
				10E52BBA1A21BD3D00D82814 /* Release */,
			);
			defaultConfigurationIsVisible = 0;
			defaultConfigurationName = Release;
		};
		10E52BBB1A21BD3D00D82814 /* Build configuration list for PBXNativeTarget "Sticker" */ = {
			isa = XCConfigurationList;
			buildConfigurations = (
				10E52BBC1A21BD3D00D82814 /* Debug */,
				10E52BBD1A21BD3D00D82814 /* Release */,
			);
			defaultConfigurationIsVisible = 0;
			defaultConfigurationName = Release;
		};
		10E52BBE1A21BD3D00D82814 /* Build configuration list for PBXNativeTarget "StickerTests" */ = {
			isa = XCConfigurationList;
			buildConfigurations = (
				10E52BBF1A21BD3D00D82814 /* Debug */,
				10E52BC01A21BD3D00D82814 /* Release */,
			);
			defaultConfigurationIsVisible = 0;
			defaultConfigurationName = Release;
		};
/* End XCConfigurationList section */
	};
	rootObject = 10E52B901A21BD3D00D82814 /* Project object */;
}
