// !$*UTF8*$!
{
	archiveVersion = 1;
	classes = {
	};
	objectVersion = 46;
	objects = {

/* Begin PBXBuildFile section */
		1046A4321A24C1D6005B3E29 /* StickerList.plist in Resources */ = {isa = PBXBuildFile; fileRef = 1046A4311A24C1D6005B3E29 /* StickerList.plist */; };
		106484B31A344BD200CA21D3 /* MenuTableViewCell.m in Sources */ = {isa = PBXBuildFile; fileRef = 106484B01A344BD200CA21D3 /* MenuTableViewCell.m */; };
		106484B41A344BD200CA21D3 /* StickerCollectionViewCell.m in Sources */ = {isa = PBXBuildFile; fileRef = 106484B21A344BD200CA21D3 /* StickerCollectionViewCell.m */; };
		106484BB1A344BF400CA21D3 /* MenuViewController.m in Sources */ = {isa = PBXBuildFile; fileRef = 106484B61A344BF400CA21D3 /* MenuViewController.m */; };
		106484BC1A344BF400CA21D3 /* StickerCollectionViewController.m in Sources */ = {isa = PBXBuildFile; fileRef = 106484B81A344BF400CA21D3 /* StickerCollectionViewController.m */; };
		106484BD1A344BF400CA21D3 /* ViewController.m in Sources */ = {isa = PBXBuildFile; fileRef = 106484BA1A344BF400CA21D3 /* ViewController.m */; };
		1083EC1A1A24864600534CBB /* BPDynamicTransition.m in Sources */ = {isa = PBXBuildFile; fileRef = 1083EC171A24864600534CBB /* BPDynamicTransition.m */; };
		1083EC1B1A24864600534CBB /* BPTransition.m in Sources */ = {isa = PBXBuildFile; fileRef = 1083EC191A24864600534CBB /* BPTransition.m */; };
		1083EC1F1A24877400534CBB /* Helper.m in Sources */ = {isa = PBXBuildFile; fileRef = 1083EC1E1A24877400534CBB /* Helper.m */; };
		10BE1C6D1A2200BA003A9A88 /* IAPHelper.m in Sources */ = {isa = PBXBuildFile; fileRef = 10BE1C6C1A2200BA003A9A88 /* IAPHelper.m */; };
		10BE1C6F1A2206BD003A9A88 /* StoreKit.framework in Frameworks */ = {isa = PBXBuildFile; fileRef = 10BE1C6E1A2206BD003A9A88 /* StoreKit.framework */; };
		10E52B9E1A21BD3D00D82814 /* main.m in Sources */ = {isa = PBXBuildFile; fileRef = 10E52B9D1A21BD3D00D82814 /* main.m */; };
		10E52BA11A21BD3D00D82814 /* AppDelegate.m in Sources */ = {isa = PBXBuildFile; fileRef = 10E52BA01A21BD3D00D82814 /* AppDelegate.m */; };
		10E52BA71A21BD3D00D82814 /* Main.storyboard in Resources */ = {isa = PBXBuildFile; fileRef = 10E52BA51A21BD3D00D82814 /* Main.storyboard */; };
		10E52BA91A21BD3D00D82814 /* Images.xcassets in Resources */ = {isa = PBXBuildFile; fileRef = 10E52BA81A21BD3D00D82814 /* Images.xcassets */; };
		10E52BAC1A21BD3D00D82814 /* LaunchScreen.xib in Resources */ = {isa = PBXBuildFile; fileRef = 10E52BAA1A21BD3D00D82814 /* LaunchScreen.xib */; };
		10E52BB81A21BD3D00D82814 /* StickerTests.m in Sources */ = {isa = PBXBuildFile; fileRef = 10E52BB71A21BD3D00D82814 /* StickerTests.m */; };
		3048C3DF0076E5844A52169D /* libPods.a in Frameworks */ = {isa = PBXBuildFile; fileRef = E2CAFEC3D2A89EBFD618D367 /* libPods.a */; };
/* End PBXBuildFile section */

/* Begin PBXContainerItemProxy section */
		10E52BB21A21BD3D00D82814 /* PBXContainerItemProxy */ = {
			isa = PBXContainerItemProxy;
			containerPortal = 10E52B901A21BD3D00D82814 /* Project object */;
			proxyType = 1;
			remoteGlobalIDString = 10E52B971A21BD3D00D82814;
			remoteInfo = Sticker;
		};
/* End PBXContainerItemProxy section */

/* Begin PBXFileReference section */
		1046A4311A24C1D6005B3E29 /* StickerList.plist */ = {isa = PBXFileReference; fileEncoding = 4; lastKnownFileType = text.plist.xml; path = StickerList.plist; sourceTree = "<group>"; };
		106484AF1A344BD200CA21D3 /* MenuTableViewCell.h */ = {isa = PBXFileReference; fileEncoding = 4; lastKnownFileType = sourcecode.c.h; path = MenuTableViewCell.h; sourceTree = "<group>"; };
		106484B01A344BD200CA21D3 /* MenuTableViewCell.m */ = {isa = PBXFileReference; fileEncoding = 4; lastKnownFileType = sourcecode.c.objc; path = MenuTableViewCell.m; sourceTree = "<group>"; };
		106484B11A344BD200CA21D3 /* StickerCollectionViewCell.h */ = {isa = PBXFileReference; fileEncoding = 4; lastKnownFileType = sourcecode.c.h; path = StickerCollectionViewCell.h; sourceTree = "<group>"; };
		106484B21A344BD200CA21D3 /* StickerCollectionViewCell.m */ = {isa = PBXFileReference; fileEncoding = 4; lastKnownFileType = sourcecode.c.objc; path = StickerCollectionViewCell.m; sourceTree = "<group>"; };
		106484B51A344BF400CA21D3 /* MenuViewController.h */ = {isa = PBXFileReference; fileEncoding = 4; lastKnownFileType = sourcecode.c.h; path = MenuViewController.h; sourceTree = "<group>"; };
		106484B61A344BF400CA21D3 /* MenuViewController.m */ = {isa = PBXFileReference; fileEncoding = 4; lastKnownFileType = sourcecode.c.objc; path = MenuViewController.m; sourceTree = "<group>"; };
		106484B71A344BF400CA21D3 /* StickerCollectionViewController.h */ = {isa = PBXFileReference; fileEncoding = 4; lastKnownFileType = sourcecode.c.h; path = StickerCollectionViewController.h; sourceTree = "<group>"; };
		106484B81A344BF400CA21D3 /* StickerCollectionViewController.m */ = {isa = PBXFileReference; fileEncoding = 4; lastKnownFileType = sourcecode.c.objc; path = StickerCollectionViewController.m; sourceTree = "<group>"; };
		106484B91A344BF400CA21D3 /* ViewController.h */ = {isa = PBXFileReference; fileEncoding = 4; lastKnownFileType = sourcecode.c.h; path = ViewController.h; sourceTree = "<group>"; };
		106484BA1A344BF400CA21D3 /* ViewController.m */ = {isa = PBXFileReference; fileEncoding = 4; lastKnownFileType = sourcecode.c.objc; path = ViewController.m; sourceTree = "<group>"; };
		1083EC161A24864600534CBB /* BPDynamicTransition.h */ = {isa = PBXFileReference; fileEncoding = 4; lastKnownFileType = sourcecode.c.h; path = BPDynamicTransition.h; sourceTree = "<group>"; };
		1083EC171A24864600534CBB /* BPDynamicTransition.m */ = {isa = PBXFileReference; fileEncoding = 4; lastKnownFileType = sourcecode.c.objc; path = BPDynamicTransition.m; sourceTree = "<group>"; };
		1083EC181A24864600534CBB /* BPTransition.h */ = {isa = PBXFileReference; fileEncoding = 4; lastKnownFileType = sourcecode.c.h; path = BPTransition.h; sourceTree = "<group>"; };
		1083EC191A24864600534CBB /* BPTransition.m */ = {isa = PBXFileReference; fileEncoding = 4; lastKnownFileType = sourcecode.c.objc; path = BPTransition.m; sourceTree = "<group>"; };
		1083EC1C1A2486E600534CBB /* Sticker-Prefix.pch */ = {isa = PBXFileReference; fileEncoding = 4; lastKnownFileType = sourcecode.c.h; path = "Sticker-Prefix.pch"; sourceTree = "<group>"; };
		1083EC1D1A24877400534CBB /* Helper.h */ = {isa = PBXFileReference; fileEncoding = 4; lastKnownFileType = sourcecode.c.h; path = Helper.h; sourceTree = "<group>"; };
		1083EC1E1A24877400534CBB /* Helper.m */ = {isa = PBXFileReference; fileEncoding = 4; lastKnownFileType = sourcecode.c.objc; path = Helper.m; sourceTree = "<group>"; };
		10BE1C6B1A2200BA003A9A88 /* IAPHelper.h */ = {isa = PBXFileReference; fileEncoding = 4; lastKnownFileType = sourcecode.c.h; path = IAPHelper.h; sourceTree = "<group>"; };
		10BE1C6C1A2200BA003A9A88 /* IAPHelper.m */ = {isa = PBXFileReference; fileEncoding = 4; lastKnownFileType = sourcecode.c.objc; path = IAPHelper.m; sourceTree = "<group>"; };
		10BE1C6E1A2206BD003A9A88 /* StoreKit.framework */ = {isa = PBXFileReference; lastKnownFileType = wrapper.framework; name = StoreKit.framework; path = System/Library/Frameworks/StoreKit.framework; sourceTree = SDKROOT; };
		10E52B981A21BD3D00D82814 /* Sticker.app */ = {isa = PBXFileReference; explicitFileType = wrapper.application; includeInIndex = 0; path = Sticker.app; sourceTree = BUILT_PRODUCTS_DIR; };
		10E52B9C1A21BD3D00D82814 /* Info.plist */ = {isa = PBXFileReference; lastKnownFileType = text.plist.xml; path = Info.plist; sourceTree = "<group>"; };
		10E52B9D1A21BD3D00D82814 /* main.m */ = {isa = PBXFileReference; lastKnownFileType = sourcecode.c.objc; path = main.m; sourceTree = "<group>"; };
		10E52B9F1A21BD3D00D82814 /* AppDelegate.h */ = {isa = PBXFileReference; lastKnownFileType = sourcecode.c.h; path = AppDelegate.h; sourceTree = "<group>"; };
		10E52BA01A21BD3D00D82814 /* AppDelegate.m */ = {isa = PBXFileReference; lastKnownFileType = sourcecode.c.objc; path = AppDelegate.m; sourceTree = "<group>"; };
		10E52BA61A21BD3D00D82814 /* Base */ = {isa = PBXFileReference; lastKnownFileType = file.storyboard; name = Base; path = Base.lproj/Main.storyboard; sourceTree = "<group>"; };
		10E52BA81A21BD3D00D82814 /* Images.xcassets */ = {isa = PBXFileReference; lastKnownFileType = folder.assetcatalog; path = Images.xcassets; sourceTree = "<group>"; };
		10E52BAB1A21BD3D00D82814 /* Base */ = {isa = PBXFileReference; lastKnownFileType = file.xib; name = Base; path = Base.lproj/LaunchScreen.xib; sourceTree = "<group>"; };
		10E52BB11A21BD3D00D82814 /* StickerTests.xctest */ = {isa = PBXFileReference; explicitFileType = wrapper.cfbundle; includeInIndex = 0; path = StickerTests.xctest; sourceTree = BUILT_PRODUCTS_DIR; };
		10E52BB61A21BD3D00D82814 /* Info.plist */ = {isa = PBXFileReference; lastKnownFileType = text.plist.xml; path = Info.plist; sourceTree = "<group>"; };
		10E52BB71A21BD3D00D82814 /* StickerTests.m */ = {isa = PBXFileReference; lastKnownFileType = sourcecode.c.objc; path = StickerTests.m; sourceTree = "<group>"; };
		91D7BCE7E7C018082A36AAEE /* Pods.release.xcconfig */ = {isa = PBXFileReference; includeInIndex = 1; lastKnownFileType = text.xcconfig; name = Pods.release.xcconfig; path = "Pods/Target Support Files/Pods/Pods.release.xcconfig"; sourceTree = "<group>"; };
		DAC843FDE9291B6B2B53BC2D /* Pods.debug.xcconfig */ = {isa = PBXFileReference; includeInIndex = 1; lastKnownFileType = text.xcconfig; name = Pods.debug.xcconfig; path = "Pods/Target Support Files/Pods/Pods.debug.xcconfig"; sourceTree = "<group>"; };
		E2CAFEC3D2A89EBFD618D367 /* libPods.a */ = {isa = PBXFileReference; explicitFileType = archive.ar; includeInIndex = 0; path = libPods.a; sourceTree = BUILT_PRODUCTS_DIR; };
/* End PBXFileReference section */

/* Begin PBXFrameworksBuildPhase section */
		10E52B951A21BD3D00D82814 /* Frameworks */ = {
			isa = PBXFrameworksBuildPhase;
			buildActionMask = 2147483647;
			files = (
				10BE1C6F1A2206BD003A9A88 /* StoreKit.framework in Frameworks */,
				3048C3DF0076E5844A52169D /* libPods.a in Frameworks */,
			);
			runOnlyForDeploymentPostprocessing = 0;
		};
		10E52BAE1A21BD3D00D82814 /* Frameworks */ = {
			isa = PBXFrameworksBuildPhase;
			buildActionMask = 2147483647;
			files = (
			);
			runOnlyForDeploymentPostprocessing = 0;
		};
/* End PBXFrameworksBuildPhase section */

/* Begin PBXGroup section */
		1046A42C1A24BED3005B3E29 /* Cells */ = {
			isa = PBXGroup;
			children = (
				106484AF1A344BD200CA21D3 /* MenuTableViewCell.h */,
				106484B01A344BD200CA21D3 /* MenuTableViewCell.m */,
				106484B11A344BD200CA21D3 /* StickerCollectionViewCell.h */,
				106484B21A344BD200CA21D3 /* StickerCollectionViewCell.m */,
			);
			path = Cells;
			sourceTree = "<group>";
		};
		1046A4301A24C1B0005B3E29 /* Data */ = {
			isa = PBXGroup;
			children = (
				1046A4311A24C1D6005B3E29 /* StickerList.plist */,
			);
			path = Data;
			sourceTree = "<group>";
		};
		10566DE31A239656004E668A /* ViewControllers */ = {
			isa = PBXGroup;
			children = (
				106484B51A344BF400CA21D3 /* MenuViewController.h */,
				106484B61A344BF400CA21D3 /* MenuViewController.m */,
				106484B71A344BF400CA21D3 /* StickerCollectionViewController.h */,
				106484B81A344BF400CA21D3 /* StickerCollectionViewController.m */,
				106484B91A344BF400CA21D3 /* ViewController.h */,
				106484BA1A344BF400CA21D3 /* ViewController.m */,
				1046A42C1A24BED3005B3E29 /* Cells */,
			);
			path = ViewControllers;
			sourceTree = "<group>";
		};
		1083EC151A2485E500534CBB /* Transition */ = {
			isa = PBXGroup;
			children = (
				1083EC161A24864600534CBB /* BPDynamicTransition.h */,
				1083EC171A24864600534CBB /* BPDynamicTransition.m */,
				1083EC181A24864600534CBB /* BPTransition.h */,
				1083EC191A24864600534CBB /* BPTransition.m */,
			);
			path = Transition;
			sourceTree = "<group>";
		};
		10BE1C671A21FF97003A9A88 /* Helper */ = {
			isa = PBXGroup;
			children = (
				10BE1C6B1A2200BA003A9A88 /* IAPHelper.h */,
				10BE1C6C1A2200BA003A9A88 /* IAPHelper.m */,
				1083EC1D1A24877400534CBB /* Helper.h */,
				1083EC1E1A24877400534CBB /* Helper.m */,
			);
			path = Helper;
			sourceTree = "<group>";
		};
		10E52B8F1A21BD3D00D82814 = {
			isa = PBXGroup;
			children = (
				10E52B9A1A21BD3D00D82814 /* Sticker */,
				10E52BB41A21BD3D00D82814 /* StickerTests */,
				10E52B991A21BD3D00D82814 /* Products */,
				CAAC2B2FCA4B228EC251C7C9 /* Pods */,
				7408DEAF5A14AD1C21D2FB00 /* Frameworks */,
			);
			sourceTree = "<group>";
		};
		10E52B991A21BD3D00D82814 /* Products */ = {
			isa = PBXGroup;
			children = (
				10E52B981A21BD3D00D82814 /* Sticker.app */,
				10E52BB11A21BD3D00D82814 /* StickerTests.xctest */,
			);
			name = Products;
			sourceTree = "<group>";
		};
		10E52B9A1A21BD3D00D82814 /* Sticker */ = {
			isa = PBXGroup;
			children = (
				1046A4301A24C1B0005B3E29 /* Data */,
				1083EC151A2485E500534CBB /* Transition */,
				10566DE31A239656004E668A /* ViewControllers */,
				10BE1C671A21FF97003A9A88 /* Helper */,
				10E52B9F1A21BD3D00D82814 /* AppDelegate.h */,
				10E52BA01A21BD3D00D82814 /* AppDelegate.m */,
				10E52BA51A21BD3D00D82814 /* Main.storyboard */,
				10E52BA81A21BD3D00D82814 /* Images.xcassets */,
				10E52BAA1A21BD3D00D82814 /* LaunchScreen.xib */,
				10E52B9B1A21BD3D00D82814 /* Supporting Files */,
			);
			path = Sticker;
			sourceTree = "<group>";
		};
		10E52B9B1A21BD3D00D82814 /* Supporting Files */ = {
			isa = PBXGroup;
			children = (
				1083EC1C1A2486E600534CBB /* Sticker-Prefix.pch */,
				10E52B9C1A21BD3D00D82814 /* Info.plist */,
				10E52B9D1A21BD3D00D82814 /* main.m */,
			);
			name = "Supporting Files";
			sourceTree = "<group>";
		};
		10E52BB41A21BD3D00D82814 /* StickerTests */ = {
			isa = PBXGroup;
			children = (
				10E52BB71A21BD3D00D82814 /* StickerTests.m */,
				10E52BB51A21BD3D00D82814 /* Supporting Files */,
			);
			path = StickerTests;
			sourceTree = "<group>";
		};
		10E52BB51A21BD3D00D82814 /* Supporting Files */ = {
			isa = PBXGroup;
			children = (
				10E52BB61A21BD3D00D82814 /* Info.plist */,
			);
			name = "Supporting Files";
			sourceTree = "<group>";
		};
		7408DEAF5A14AD1C21D2FB00 /* Frameworks */ = {
			isa = PBXGroup;
			children = (
				10BE1C6E1A2206BD003A9A88 /* StoreKit.framework */,
				E2CAFEC3D2A89EBFD618D367 /* libPods.a */,
			);
			name = Frameworks;
			sourceTree = "<group>";
		};
		CAAC2B2FCA4B228EC251C7C9 /* Pods */ = {
			isa = PBXGroup;
			children = (
				DAC843FDE9291B6B2B53BC2D /* Pods.debug.xcconfig */,
				91D7BCE7E7C018082A36AAEE /* Pods.release.xcconfig */,
			);
			name = Pods;
			sourceTree = "<group>";
		};
/* End PBXGroup section */

/* Begin PBXNativeTarget section */
		10E52B971A21BD3D00D82814 /* Sticker */ = {
			isa = PBXNativeTarget;
			buildConfigurationList = 10E52BBB1A21BD3D00D82814 /* Build configuration list for PBXNativeTarget "Sticker" */;
			buildPhases = (
				A818A94C291092DC6B528B56 /* Check Pods Manifest.lock */,
				10E52B941A21BD3D00D82814 /* Sources */,
				10E52B951A21BD3D00D82814 /* Frameworks */,
				10E52B961A21BD3D00D82814 /* Resources */,
				F8EE39E0386E3D94EFEEB3EC /* Copy Pods Resources */,
			);
			buildRules = (
			);
			dependencies = (
			);
			name = Sticker;
			productName = Sticker;
			productReference = 10E52B981A21BD3D00D82814 /* Sticker.app */;
			productType = "com.apple.product-type.application";
		};
		10E52BB01A21BD3D00D82814 /* StickerTests */ = {
			isa = PBXNativeTarget;
			buildConfigurationList = 10E52BBE1A21BD3D00D82814 /* Build configuration list for PBXNativeTarget "StickerTests" */;
			buildPhases = (
				10E52BAD1A21BD3D00D82814 /* Sources */,
				10E52BAE1A21BD3D00D82814 /* Frameworks */,
				10E52BAF1A21BD3D00D82814 /* Resources */,
			);
			buildRules = (
			);
			dependencies = (
				10E52BB31A21BD3D00D82814 /* PBXTargetDependency */,
			);
			name = StickerTests;
			productName = StickerTests;
			productReference = 10E52BB11A21BD3D00D82814 /* StickerTests.xctest */;
			productType = "com.apple.product-type.bundle.unit-test";
		};
/* End PBXNativeTarget section */

/* Begin PBXProject section */
		10E52B901A21BD3D00D82814 /* Project object */ = {
			isa = PBXProject;
			attributes = {
				LastUpgradeCheck = 0610;
				ORGANIZATIONNAME = Q;
				TargetAttributes = {
					10E52B971A21BD3D00D82814 = {
						CreatedOnToolsVersion = 6.1;
					};
					10E52BB01A21BD3D00D82814 = {
						CreatedOnToolsVersion = 6.1;
						TestTargetID = 10E52B971A21BD3D00D82814;
					};
				};
			};
			buildConfigurationList = 10E52B931A21BD3D00D82814 /* Build configuration list for PBXProject "Sticker" */;
			compatibilityVersion = "Xcode 3.2";
			developmentRegion = English;
			hasScannedForEncodings = 0;
			knownRegions = (
				en,
				Base,
			);
			mainGroup = 10E52B8F1A21BD3D00D82814;
			productRefGroup = 10E52B991A21BD3D00D82814 /* Products */;
			projectDirPath = "";
			projectRoot = "";
			targets = (
				10E52B971A21BD3D00D82814 /* Sticker */,
				10E52BB01A21BD3D00D82814 /* StickerTests */,
			);
		};
/* End PBXProject section */

/* Begin PBXResourcesBuildPhase section */
		10E52B961A21BD3D00D82814 /* Resources */ = {
			isa = PBXResourcesBuildPhase;
			buildActionMask = 2147483647;
			files = (
				1046A4321A24C1D6005B3E29 /* StickerList.plist in Resources */,
				10E52BA71A21BD3D00D82814 /* Main.storyboard in Resources */,
				10E52BAC1A21BD3D00D82814 /* LaunchScreen.xib in Resources */,
				10E52BA91A21BD3D00D82814 /* Images.xcassets in Resources */,
			);
			runOnlyForDeploymentPostprocessing = 0;
		};
		10E52BAF1A21BD3D00D82814 /* Resources */ = {
			isa = PBXResourcesBuildPhase;
			buildActionMask = 2147483647;
			files = (
			);
			runOnlyForDeploymentPostprocessing = 0;
		};
/* End PBXResourcesBuildPhase section */

/* Begin PBXShellScriptBuildPhase section */
		A818A94C291092DC6B528B56 /* Check Pods Manifest.lock */ = {
			isa = PBXShellScriptBuildPhase;
			buildActionMask = 2147483647;
			files = (
			);
			inputPaths = (
			);
			name = "Check Pods Manifest.lock";
			outputPaths = (
			);
			runOnlyForDeploymentPostprocessing = 0;
			shellPath = /bin/sh;
			shellScript = "diff \"${PODS_ROOT}/../Podfile.lock\" \"${PODS_ROOT}/Manifest.lock\" > /dev/null\nif [[ $? != 0 ]] ; then\n    cat << EOM\nerror: The sandbox is not in sync with the Podfile.lock. Run 'pod install' or update your CocoaPods installation.\nEOM\n    exit 1\nfi\n";
			showEnvVarsInLog = 0;
		};
		F8EE39E0386E3D94EFEEB3EC /* Copy Pods Resources */ = {
			isa = PBXShellScriptBuildPhase;
			buildActionMask = 2147483647;
			files = (
			);
			inputPaths = (
			);
			name = "Copy Pods Resources";
			outputPaths = (
			);
			runOnlyForDeploymentPostprocessing = 0;
			shellPath = /bin/sh;
			shellScript = "\"${SRCROOT}/Pods/Target Support Files/Pods/Pods-resources.sh\"\n";
			showEnvVarsInLog = 0;
		};
/* End PBXShellScriptBuildPhase section */

/* Begin PBXSourcesBuildPhase section */
		10E52B941A21BD3D00D82814 /* Sources */ = {
			isa = PBXSourcesBuildPhase;
			buildActionMask = 2147483647;
			files = (
				1083EC1B1A24864600534CBB /* BPTransition.m in Sources */,
				106484BB1A344BF400CA21D3 /* MenuViewController.m in Sources */,
				10BE1C6D1A2200BA003A9A88 /* IAPHelper.m in Sources */,
				1083EC1F1A24877400534CBB /* Helper.m in Sources */,
				106484B41A344BD200CA21D3 /* StickerCollectionViewCell.m in Sources */,
				106484BD1A344BF400CA21D3 /* ViewController.m in Sources */,
				1083EC1A1A24864600534CBB /* BPDynamicTransition.m in Sources */,
				10E52BA11A21BD3D00D82814 /* AppDelegate.m in Sources */,
				106484B31A344BD200CA21D3 /* MenuTableViewCell.m in Sources */,
				106484BC1A344BF400CA21D3 /* StickerCollectionViewController.m in Sources */,
				10E52B9E1A21BD3D00D82814 /* main.m in Sources */,
			);
			runOnlyForDeploymentPostprocessing = 0;
		};
		10E52BAD1A21BD3D00D82814 /* Sources */ = {
			isa = PBXSourcesBuildPhase;
			buildActionMask = 2147483647;
			files = (
				10E52BB81A21BD3D00D82814 /* StickerTests.m in Sources */,
			);
			runOnlyForDeploymentPostprocessing = 0;
		};
/* End PBXSourcesBuildPhase section */

/* Begin PBXTargetDependency section */
		10E52BB31A21BD3D00D82814 /* PBXTargetDependency */ = {
			isa = PBXTargetDependency;
			target = 10E52B971A21BD3D00D82814 /* Sticker */;
			targetProxy = 10E52BB21A21BD3D00D82814 /* PBXContainerItemProxy */;
		};
/* End PBXTargetDependency section */

/* Begin PBXVariantGroup section */
		10E52BA51A21BD3D00D82814 /* Main.storyboard */ = {
			isa = PBXVariantGroup;
			children = (
				10E52BA61A21BD3D00D82814 /* Base */,
			);
			name = Main.storyboard;
			sourceTree = "<group>";
		};
		10E52BAA1A21BD3D00D82814 /* LaunchScreen.xib */ = {
			isa = PBXVariantGroup;
			children = (
				10E52BAB1A21BD3D00D82814 /* Base */,
			);
			name = LaunchScreen.xib;
			sourceTree = "<group>";
		};
/* End PBXVariantGroup section */

/* Begin XCBuildConfiguration section */
		10E52BB91A21BD3D00D82814 /* Debug */ = {
			isa = XCBuildConfiguration;
			buildSettings = {
				ALWAYS_SEARCH_USER_PATHS = NO;
				CLANG_CXX_LANGUAGE_STANDARD = "gnu++0x";
				CLANG_CXX_LIBRARY = "libc++";
				CLANG_ENABLE_MODULES = YES;
				CLANG_ENABLE_OBJC_ARC = YES;
				CLANG_WARN_BOOL_CONVERSION = YES;
				CLANG_WARN_CONSTANT_CONVERSION = YES;
				CLANG_WARN_DIRECT_OBJC_ISA_USAGE = YES_ERROR;
				CLANG_WARN_EMPTY_BODY = YES;
				CLANG_WARN_ENUM_CONVERSION = YES;
				CLANG_WARN_INT_CONVERSION = YES;
				CLANG_WARN_OBJC_ROOT_CLASS = YES_ERROR;
				CLANG_WARN_UNREACHABLE_CODE = YES;
				CLANG_WARN__DUPLICATE_METHOD_MATCH = YES;
				"CODE_SIGN_IDENTITY[sdk=iphoneos*]" = "iPhone Developer";
				COPY_PHASE_STRIP = NO;
				ENABLE_STRICT_OBJC_MSGSEND = YES;
				GCC_C_LANGUAGE_STANDARD = gnu99;
				GCC_DYNAMIC_NO_PIC = NO;
				GCC_OPTIMIZATION_LEVEL = 0;
				GCC_PREPROCESSOR_DEFINITIONS = (
					"DEBUG=1",
					"$(inherited)",
				);
				GCC_SYMBOLS_PRIVATE_EXTERN = NO;
				GCC_WARN_64_TO_32_BIT_CONVERSION = YES;
				GCC_WARN_ABOUT_RETURN_TYPE = YES_ERROR;
				GCC_WARN_UNDECLARED_SELECTOR = YES;
				GCC_WARN_UNINITIALIZED_AUTOS = YES_AGGRESSIVE;
				GCC_WARN_UNUSED_FUNCTION = YES;
				GCC_WARN_UNUSED_VARIABLE = YES;
				IPHONEOS_DEPLOYMENT_TARGET = 8.1;
				MTL_ENABLE_DEBUG_INFO = YES;
				ONLY_ACTIVE_ARCH = YES;
				SDKROOT = iphoneos;
				TARGETED_DEVICE_FAMILY = "1,2";
			};
			name = Debug;
		};
		10E52BBA1A21BD3D00D82814 /* Release */ = {
			isa = XCBuildConfiguration;
			buildSettings = {
				ALWAYS_SEARCH_USER_PATHS = NO;
				CLANG_CXX_LANGUAGE_STANDARD = "gnu++0x";
				CLANG_CXX_LIBRARY = "libc++";
				CLANG_ENABLE_MODULES = YES;
				CLANG_ENABLE_OBJC_ARC = YES;
				CLANG_WARN_BOOL_CONVERSION = YES;
				CLANG_WARN_CONSTANT_CONVERSION = YES;
				CLANG_WARN_DIRECT_OBJC_ISA_USAGE = YES_ERROR;
				CLANG_WARN_EMPTY_BODY = YES;
				CLANG_WARN_ENUM_CONVERSION = YES;
				CLANG_WARN_INT_CONVERSION = YES;
				CLANG_WARN_OBJC_ROOT_CLASS = YES_ERROR;
				CLANG_WARN_UNREACHABLE_CODE = YES;
				CLANG_WARN__DUPLICATE_METHOD_MATCH = YES;
				"CODE_SIGN_IDENTITY[sdk=iphoneos*]" = "iPhone Developer";
				COPY_PHASE_STRIP = YES;
				ENABLE_NS_ASSERTIONS = NO;
				ENABLE_STRICT_OBJC_MSGSEND = YES;
				GCC_C_LANGUAGE_STANDARD = gnu99;
				GCC_WARN_64_TO_32_BIT_CONVERSION = YES;
				GCC_WARN_ABOUT_RETURN_TYPE = YES_ERROR;
				GCC_WARN_UNDECLARED_SELECTOR = YES;
				GCC_WARN_UNINITIALIZED_AUTOS = YES_AGGRESSIVE;
				GCC_WARN_UNUSED_FUNCTION = YES;
				GCC_WARN_UNUSED_VARIABLE = YES;
				IPHONEOS_DEPLOYMENT_TARGET = 8.1;
				MTL_ENABLE_DEBUG_INFO = NO;
				SDKROOT = iphoneos;
				TARGETED_DEVICE_FAMILY = "1,2";
				VALIDATE_PRODUCT = YES;
			};
			name = Release;
		};
		10E52BBC1A21BD3D00D82814 /* Debug */ = {
			isa = XCBuildConfiguration;
			baseConfigurationReference = DAC843FDE9291B6B2B53BC2D /* Pods.debug.xcconfig */;
			buildSettings = {
				ASSETCATALOG_COMPILER_APPICON_NAME = AppIcon;
				CODE_SIGN_IDENTITY = "iPhone Developer: Alan Dang (J2EG24V3F8)";
				"CODE_SIGN_IDENTITY[sdk=iphoneos*]" = "iPhone Developer: Alan Dang (J2EG24V3F8)";
				GCC_PREFIX_HEADER = "Sticker/Sticker-Prefix.pch";
				INFOPLIST_FILE = Sticker/Info.plist;
				IPHONEOS_DEPLOYMENT_TARGET = 7.1;
				LD_RUNPATH_SEARCH_PATHS = "$(inherited) @executable_path/Frameworks";
				PRODUCT_NAME = "$(TARGET_NAME)";
				PROVISIONING_PROFILE = "556fe642-a29e-4ab7-bb5c-96e845d95427";
			};
			name = Debug;
		};
		10E52BBD1A21BD3D00D82814 /* Release */ = {
			isa = XCBuildConfiguration;
			baseConfigurationReference = 91D7BCE7E7C018082A36AAEE /* Pods.release.xcconfig */;
			buildSettings = {
				ASSETCATALOG_COMPILER_APPICON_NAME = AppIcon;
				CODE_SIGN_IDENTITY = "iPhone Developer: Alan Dang (J2EG24V3F8)";
				"CODE_SIGN_IDENTITY[sdk=iphoneos*]" = "iPhone Developer: Alan Dang (J2EG24V3F8)";
				GCC_PREFIX_HEADER = "Sticker/Sticker-Prefix.pch";
				INFOPLIST_FILE = Sticker/Info.plist;
				IPHONEOS_DEPLOYMENT_TARGET = 7.1;
				LD_RUNPATH_SEARCH_PATHS = "$(inherited) @executable_path/Frameworks";
				PRODUCT_NAME = "$(TARGET_NAME)";
				PROVISIONING_PROFILE = "556fe642-a29e-4ab7-bb5c-96e845d95427";
			};
			name = Release;
		};
		10E52BBF1A21BD3D00D82814 /* Debug */ = {
			isa = XCBuildConfiguration;
			buildSettings = {
				BUNDLE_LOADER = "$(TEST_HOST)";
				FRAMEWORK_SEARCH_PATHS = (
					"$(SDKROOT)/Developer/Library/Frameworks",
					"$(inherited)",
				);
				GCC_PREPROCESSOR_DEFINITIONS = (
					"DEBUG=1",
					"$(inherited)",
				);
				INFOPLIST_FILE = StickerTests/Info.plist;
				LD_RUNPATH_SEARCH_PATHS = "$(inherited) @executable_path/Frameworks @loader_path/Frameworks";
				PRODUCT_NAME = "$(TARGET_NAME)";
				TEST_HOST = "$(BUILT_PRODUCTS_DIR)/Sticker.app/Sticker";
			};
			name = Debug;
		};
		10E52BC01A21BD3D00D82814 /* Release */ = {
			isa = XCBuildConfiguration;
			buildSettings = {
				BUNDLE_LOADER = "$(TEST_HOST)";
				FRAMEWORK_SEARCH_PATHS = (
					"$(SDKROOT)/Developer/Library/Frameworks",
					"$(inherited)",
				);
				INFOPLIST_FILE = StickerTests/Info.plist;
				LD_RUNPATH_SEARCH_PATHS = "$(inherited) @executable_path/Frameworks @loader_path/Frameworks";
				PRODUCT_NAME = "$(TARGET_NAME)";
				TEST_HOST = "$(BUILT_PRODUCTS_DIR)/Sticker.app/Sticker";
			};
			name = Release;
		};
/* End XCBuildConfiguration section */

/* Begin XCConfigurationList section */
		10E52B931A21BD3D00D82814 /* Build configuration list for PBXProject "Sticker" */ = {
			isa = XCConfigurationList;
			buildConfigurations = (
				10E52BB91A21BD3D00D82814 /* Debug */,
				10E52BBA1A21BD3D00D82814 /* Release */,
			);
			defaultConfigurationIsVisible = 0;
			defaultConfigurationName = Release;
		};
		10E52BBB1A21BD3D00D82814 /* Build configuration list for PBXNativeTarget "Sticker" */ = {
			isa = XCConfigurationList;
			buildConfigurations = (
				10E52BBC1A21BD3D00D82814 /* Debug */,
				10E52BBD1A21BD3D00D82814 /* Release */,
			);
			defaultConfigurationIsVisible = 0;
			defaultConfigurationName = Release;
		};
		10E52BBE1A21BD3D00D82814 /* Build configuration list for PBXNativeTarget "StickerTests" */ = {
			isa = XCConfigurationList;
			buildConfigurations = (
				10E52BBF1A21BD3D00D82814 /* Debug */,
				10E52BC01A21BD3D00D82814 /* Release */,
			);
			defaultConfigurationIsVisible = 0;
			defaultConfigurationName = Release;
		};
/* End XCConfigurationList section */
	};
	rootObject = 10E52B901A21BD3D00D82814 /* Project object */;
}
